
Microsoft Visual Studio Solution File, Format Version 12.00
# Visual Studio Version 17
VisualStudioVersion = 17.2.32616.157
MinimumVisualStudioVersion = 10.0.40219.1
Project("{FAE04EC0-301F-11D3-BF4B-00C04F79EFBC}") = "Exercise1_Caculator", "Exercise1_Caculator.csproj", "{95F88376-5ED5-4945-9E8A-3BEA99585CED}"
EndProject
Global
	GlobalSection(SolutionConfigurationPlatforms) = preSolution
		Debug|Any CPU = Debug|Any CPU
		Release|Any CPU = Release|Any CPU
	EndGlobalSection
	GlobalSection(ProjectConfigurationPlatforms) = postSolution
		{95F88376-5ED5-4945-9E8A-3BEA99585CED}.Debug|Any CPU.ActiveCfg = Debug|Any CPU
		{95F88376-5ED5-4945-9E8A-3BEA99585CED}.Debug|Any CPU.Build.0 = Debug|Any CPU
		{95F88376-5ED5-4945-9E8A-3BEA99585CED}.Release|Any CPU.ActiveCfg = Release|Any CPU
		{95F88376-5ED5-4945-9E8A-3BEA99585CED}.Release|Any CPU.Build.0 = Release|Any CPU
	EndGlobalSection
	GlobalSection(SolutionProperties) = preSolution
		HideSolutionNode = FALSE
	EndGlobalSection
	GlobalSection(ExtensibilityGlobals) = postSolution
		SolutionGuid = {E3C40FCA-1329-4CB6-ACDC-8430BEE8C2E5}
	EndGlobalSection
EndGlobal
