
Microsoft Visual Studio Solution File, Format Version 12.00
# Visual Studio Version 17
VisualStudioVersion = 17.2.32630.192
MinimumVisualStudioVersion = 10.0.40219.1
Project("{FAE04EC0-301F-11D3-BF4B-00C04F79EFBC}") = "Lab02-03", "Lab02-03\Lab02-03.csproj", "{256A5984-FC51-41F2-AD95-9AD5CA7F39C8}"
EndProject
Global
	GlobalSection(SolutionConfigurationPlatforms) = preSolution
		Debug|Any CPU = Debug|Any CPU
		Release|Any CPU = Release|Any CPU
	EndGlobalSection
	GlobalSection(ProjectConfigurationPlatforms) = postSolution
		{256A5984-FC51-41F2-AD95-9AD5CA7F39C8}.Debug|Any CPU.ActiveCfg = Debug|Any CPU
		{256A5984-FC51-41F2-AD95-9AD5CA7F39C8}.Debug|Any CPU.Build.0 = Debug|Any CPU
		{256A5984-FC51-41F2-AD95-9AD5CA7F39C8}.Release|Any CPU.ActiveCfg = Release|Any CPU
		{256A5984-FC51-41F2-AD95-9AD5CA7F39C8}.Release|Any CPU.Build.0 = Release|Any CPU
	EndGlobalSection
	GlobalSection(SolutionProperties) = preSolution
		HideSolutionNode = FALSE
	EndGlobalSection
	GlobalSection(ExtensibilityGlobals) = postSolution
		SolutionGuid = {04AE2142-0A47-4C40-BB48-8E365CD43FE5}
	EndGlobalSection
EndGlobal
